// !$*UTF8*$!
{
	archiveVersion = 1;
	classes = {
	};
	objectVersion = 50;
	objects = {

/* Begin PBXBuildFile section */
		0EC9CDF523833D01008FBA6B /* AppDelegate.swift in Sources */ = {isa = PBXBuildFile; fileRef = 0EC9CDF423833D01008FBA6B /* AppDelegate.swift */; };
		0EC9CDF723833D01008FBA6B /* SceneDelegate.swift in Sources */ = {isa = PBXBuildFile; fileRef = 0EC9CDF623833D01008FBA6B /* SceneDelegate.swift */; };
		0EC9CDFB23833D07008FBA6B /* Assets.xcassets in Resources */ = {isa = PBXBuildFile; fileRef = 0EC9CDFA23833D07008FBA6B /* Assets.xcassets */; };
		0EC9CDFE23833D07008FBA6B /* Preview Assets.xcassets in Resources */ = {isa = PBXBuildFile; fileRef = 0EC9CDFD23833D07008FBA6B /* Preview Assets.xcassets */; };
		0EC9CE0123833D07008FBA6B /* LaunchScreen.storyboard in Resources */ = {isa = PBXBuildFile; fileRef = 0EC9CDFF23833D07008FBA6B /* LaunchScreen.storyboard */; };
		0EC9CE0C23833D85008FBA6B /* HomeView.swift in Sources */ = {isa = PBXBuildFile; fileRef = 0EC9CE0B23833D85008FBA6B /* HomeView.swift */; };
		0EC9CE0F23833DC6008FBA6B /* LandmarksView.swift in Sources */ = {isa = PBXBuildFile; fileRef = 0EC9CE0E23833DC6008FBA6B /* LandmarksView.swift */; };
		0EC9CE1123833DD6008FBA6B /* ProfileView.swift in Sources */ = {isa = PBXBuildFile; fileRef = 0EC9CE1023833DD6008FBA6B /* ProfileView.swift */; };
		0EC9CE1323833DED008FBA6B /* LandmarkDetailsView.swift in Sources */ = {isa = PBXBuildFile; fileRef = 0EC9CE1223833DED008FBA6B /* LandmarkDetailsView.swift */; };
		0EC9CE22238343FA008FBA6B /* charleyrivers.jpg in Resources */ = {isa = PBXBuildFile; fileRef = 0EC9CE14238343F8008FBA6B /* charleyrivers.jpg */; };
		0EC9CE23238343FA008FBA6B /* twinlake.jpg in Resources */ = {isa = PBXBuildFile; fileRef = 0EC9CE15238343F9008FBA6B /* twinlake.jpg */; };
		0EC9CE24238343FA008FBA6B /* landmarkData.json in Resources */ = {isa = PBXBuildFile; fileRef = 0EC9CE16238343F9008FBA6B /* landmarkData.json */; };
		0EC9CE25238343FA008FBA6B /* rainbowlake.jpg in Resources */ = {isa = PBXBuildFile; fileRef = 0EC9CE17238343F9008FBA6B /* rainbowlake.jpg */; };
		0EC9CE26238343FA008FBA6B /* silversalmoncreek.jpg in Resources */ = {isa = PBXBuildFile; fileRef = 0EC9CE18238343F9008FBA6B /* silversalmoncreek.jpg */; };
		0EC9CE28238343FA008FBA6B /* icybay.jpg in Resources */ = {isa = PBXBuildFile; fileRef = 0EC9CE1A238343F9008FBA6B /* icybay.jpg */; };
		0EC9CE29238343FA008FBA6B /* stmarylake.jpg in Resources */ = {isa = PBXBuildFile; fileRef = 0EC9CE1B238343F9008FBA6B /* stmarylake.jpg */; };
		0EC9CE2A238343FA008FBA6B /* hiddenlake.jpg in Resources */ = {isa = PBXBuildFile; fileRef = 0EC9CE1C238343F9008FBA6B /* hiddenlake.jpg */; };
		0EC9CE2B238343FA008FBA6B /* lakemcdonald.jpg in Resources */ = {isa = PBXBuildFile; fileRef = 0EC9CE1D238343FA008FBA6B /* lakemcdonald.jpg */; };
		0EC9CE2C238343FA008FBA6B /* chilkoottrail.jpg in Resources */ = {isa = PBXBuildFile; fileRef = 0EC9CE1E238343FA008FBA6B /* chilkoottrail.jpg */; };
		0EC9CE2D238343FA008FBA6B /* umbagog.jpg in Resources */ = {isa = PBXBuildFile; fileRef = 0EC9CE1F238343FA008FBA6B /* umbagog.jpg */; };
		0EC9CE2E238343FA008FBA6B /* turtlerock.jpg in Resources */ = {isa = PBXBuildFile; fileRef = 0EC9CE20238343FA008FBA6B /* turtlerock.jpg */; };
		0EC9CE2F238343FA008FBA6B /* chincoteague.jpg in Resources */ = {isa = PBXBuildFile; fileRef = 0EC9CE21238343FA008FBA6B /* chincoteague.jpg */; };
		0EC9CE3123834466008FBA6B /* UserData.swift in Sources */ = {isa = PBXBuildFile; fileRef = 0EC9CE3023834466008FBA6B /* UserData.swift */; };
		0EC9CE332383446F008FBA6B /* Profile.swift in Sources */ = {isa = PBXBuildFile; fileRef = 0EC9CE322383446F008FBA6B /* Profile.swift */; };
		0EC9CE3523834477008FBA6B /* Landmark.swift in Sources */ = {isa = PBXBuildFile; fileRef = 0EC9CE3423834477008FBA6B /* Landmark.swift */; };
		0EC9CE3723834484008FBA6B /* Data.swift in Sources */ = {isa = PBXBuildFile; fileRef = 0EC9CE3623834484008FBA6B /* Data.swift */; };
		0EC9CE3923834847008FBA6B /* LandmarkItem.swift in Sources */ = {isa = PBXBuildFile; fileRef = 0EC9CE3823834847008FBA6B /* LandmarkItem.swift */; };
		0EC9CE3B2383FA3C008FBA6B /* MapView.swift in Sources */ = {isa = PBXBuildFile; fileRef = 0EC9CE3A2383FA3C008FBA6B /* MapView.swift */; };
		0EC9CE3D2384050C008FBA6B /* CategoryRow.swift in Sources */ = {isa = PBXBuildFile; fileRef = 0EC9CE3C2384050C008FBA6B /* CategoryRow.swift */; };
/* End PBXBuildFile section */

/* Begin PBXFileReference section */
		0EC9CDF123833D01008FBA6B /* swiftui-landmarks.app */ = {isa = PBXFileReference; explicitFileType = wrapper.application; includeInIndex = 0; path = "swiftui-landmarks.app"; sourceTree = BUILT_PRODUCTS_DIR; };
		0EC9CDF423833D01008FBA6B /* AppDelegate.swift */ = {isa = PBXFileReference; lastKnownFileType = sourcecode.swift; path = AppDelegate.swift; sourceTree = "<group>"; };
		0EC9CDF623833D01008FBA6B /* SceneDelegate.swift */ = {isa = PBXFileReference; lastKnownFileType = sourcecode.swift; path = SceneDelegate.swift; sourceTree = "<group>"; };
		0EC9CDFA23833D07008FBA6B /* Assets.xcassets */ = {isa = PBXFileReference; lastKnownFileType = folder.assetcatalog; path = Assets.xcassets; sourceTree = "<group>"; };
		0EC9CDFD23833D07008FBA6B /* Preview Assets.xcassets */ = {isa = PBXFileReference; lastKnownFileType = folder.assetcatalog; path = "Preview Assets.xcassets"; sourceTree = "<group>"; };
		0EC9CE0023833D07008FBA6B /* Base */ = {isa = PBXFileReference; lastKnownFileType = file.storyboard; name = Base; path = Base.lproj/LaunchScreen.storyboard; sourceTree = "<group>"; };
		0EC9CE0223833D07008FBA6B /* Info.plist */ = {isa = PBXFileReference; lastKnownFileType = text.plist.xml; path = Info.plist; sourceTree = "<group>"; };
		0EC9CE0B23833D85008FBA6B /* HomeView.swift */ = {isa = PBXFileReference; lastKnownFileType = sourcecode.swift; path = HomeView.swift; sourceTree = "<group>"; };
		0EC9CE0E23833DC6008FBA6B /* LandmarksView.swift */ = {isa = PBXFileReference; lastKnownFileType = sourcecode.swift; path = LandmarksView.swift; sourceTree = "<group>"; };
		0EC9CE1023833DD6008FBA6B /* ProfileView.swift */ = {isa = PBXFileReference; lastKnownFileType = sourcecode.swift; path = ProfileView.swift; sourceTree = "<group>"; };
		0EC9CE1223833DED008FBA6B /* LandmarkDetailsView.swift */ = {isa = PBXFileReference; lastKnownFileType = sourcecode.swift; path = LandmarkDetailsView.swift; sourceTree = "<group>"; };
		0EC9CE14238343F8008FBA6B /* charleyrivers.jpg */ = {isa = PBXFileReference; lastKnownFileType = image.jpeg; path = charleyrivers.jpg; sourceTree = "<group>"; };
		0EC9CE15238343F9008FBA6B /* twinlake.jpg */ = {isa = PBXFileReference; lastKnownFileType = image.jpeg; path = twinlake.jpg; sourceTree = "<group>"; };
		0EC9CE16238343F9008FBA6B /* landmarkData.json */ = {isa = PBXFileReference; fileEncoding = 4; lastKnownFileType = text.json; path = landmarkData.json; sourceTree = "<group>"; };
		0EC9CE17238343F9008FBA6B /* rainbowlake.jpg */ = {isa = PBXFileReference; lastKnownFileType = image.jpeg; path = rainbowlake.jpg; sourceTree = "<group>"; };
		0EC9CE18238343F9008FBA6B /* silversalmoncreek.jpg */ = {isa = PBXFileReference; lastKnownFileType = image.jpeg; path = silversalmoncreek.jpg; sourceTree = "<group>"; };
		0EC9CE1A238343F9008FBA6B /* icybay.jpg */ = {isa = PBXFileReference; lastKnownFileType = image.jpeg; path = icybay.jpg; sourceTree = "<group>"; };
		0EC9CE1B238343F9008FBA6B /* stmarylake.jpg */ = {isa = PBXFileReference; lastKnownFileType = image.jpeg; path = stmarylake.jpg; sourceTree = "<group>"; };
		0EC9CE1C238343F9008FBA6B /* hiddenlake.jpg */ = {isa = PBXFileReference; lastKnownFileType = image.jpeg; path = hiddenlake.jpg; sourceTree = "<group>"; };
		0EC9CE1D238343FA008FBA6B /* lakemcdonald.jpg */ = {isa = PBXFileReference; lastKnownFileType = image.jpeg; path = lakemcdonald.jpg; sourceTree = "<group>"; };
		0EC9CE1E238343FA008FBA6B /* chilkoottrail.jpg */ = {isa = PBXFileReference; lastKnownFileType = image.jpeg; path = chilkoottrail.jpg; sourceTree = "<group>"; };
		0EC9CE1F238343FA008FBA6B /* umbagog.jpg */ = {isa = PBXFileReference; lastKnownFileType = image.jpeg; path = umbagog.jpg; sourceTree = "<group>"; };
		0EC9CE20238343FA008FBA6B /* turtlerock.jpg */ = {isa = PBXFileReference; lastKnownFileType = image.jpeg; path = turtlerock.jpg; sourceTree = "<group>"; };
		0EC9CE21238343FA008FBA6B /* chincoteague.jpg */ = {isa = PBXFileReference; lastKnownFileType = image.jpeg; path = chincoteague.jpg; sourceTree = "<group>"; };
		0EC9CE3023834466008FBA6B /* UserData.swift */ = {isa = PBXFileReference; lastKnownFileType = sourcecode.swift; path = UserData.swift; sourceTree = "<group>"; };
		0EC9CE322383446F008FBA6B /* Profile.swift */ = {isa = PBXFileReference; lastKnownFileType = sourcecode.swift; path = Profile.swift; sourceTree = "<group>"; };
		0EC9CE3423834477008FBA6B /* Landmark.swift */ = {isa = PBXFileReference; lastKnownFileType = sourcecode.swift; path = Landmark.swift; sourceTree = "<group>"; };
		0EC9CE3623834484008FBA6B /* Data.swift */ = {isa = PBXFileReference; lastKnownFileType = sourcecode.swift; path = Data.swift; sourceTree = "<group>"; };
		0EC9CE3823834847008FBA6B /* LandmarkItem.swift */ = {isa = PBXFileReference; lastKnownFileType = sourcecode.swift; path = LandmarkItem.swift; sourceTree = "<group>"; };
		0EC9CE3A2383FA3C008FBA6B /* MapView.swift */ = {isa = PBXFileReference; lastKnownFileType = sourcecode.swift; path = MapView.swift; sourceTree = "<group>"; };
		0EC9CE3C2384050C008FBA6B /* CategoryRow.swift */ = {isa = PBXFileReference; lastKnownFileType = sourcecode.swift; path = CategoryRow.swift; sourceTree = "<group>"; };
/* End PBXFileReference section */

/* Begin PBXFrameworksBuildPhase section */
		0EC9CDEE23833D01008FBA6B /* Frameworks */ = {
			isa = PBXFrameworksBuildPhase;
			buildActionMask = 2147483647;
			files = (
			);
			runOnlyForDeploymentPostprocessing = 0;
		};
/* End PBXFrameworksBuildPhase section */

/* Begin PBXGroup section */
		0EC9CDE823833D01008FBA6B = {
			isa = PBXGroup;
			children = (
				0EC9CDF323833D01008FBA6B /* swiftui-landmarks */,
				0EC9CDF223833D01008FBA6B /* Products */,
			);
			sourceTree = "<group>";
		};
		0EC9CDF223833D01008FBA6B /* Products */ = {
			isa = PBXGroup;
			children = (
				0EC9CDF123833D01008FBA6B /* swiftui-landmarks.app */,
			);
			name = Products;
			sourceTree = "<group>";
		};
		0EC9CDF323833D01008FBA6B /* swiftui-landmarks */ = {
			isa = PBXGroup;
			children = (
				0EC9CE0D23833DA0008FBA6B /* Components */,
				0EC9CE0923833D3E008FBA6B /* Resources */,
				0EC9CE0823833D34008FBA6B /* Models */,
				0EC9CE0A23833D60008FBA6B /* Views */,
				0EC9CDF423833D01008FBA6B /* AppDelegate.swift */,
				0EC9CDF623833D01008FBA6B /* SceneDelegate.swift */,
				0EC9CDFA23833D07008FBA6B /* Assets.xcassets */,
				0EC9CDFF23833D07008FBA6B /* LaunchScreen.storyboard */,
				0EC9CE0223833D07008FBA6B /* Info.plist */,
				0EC9CDFC23833D07008FBA6B /* Preview Content */,
			);
			path = "swiftui-landmarks";
			sourceTree = "<group>";
		};
		0EC9CDFC23833D07008FBA6B /* Preview Content */ = {
			isa = PBXGroup;
			children = (
				0EC9CDFD23833D07008FBA6B /* Preview Assets.xcassets */,
			);
			path = "Preview Content";
			sourceTree = "<group>";
		};
		0EC9CE0823833D34008FBA6B /* Models */ = {
			isa = PBXGroup;
			children = (
				0EC9CE3023834466008FBA6B /* UserData.swift */,
				0EC9CE322383446F008FBA6B /* Profile.swift */,
				0EC9CE3423834477008FBA6B /* Landmark.swift */,
				0EC9CE3623834484008FBA6B /* Data.swift */,
			);
			path = Models;
			sourceTree = "<group>";
		};
		0EC9CE0923833D3E008FBA6B /* Resources */ = {
			isa = PBXGroup;
			children = (
				0EC9CE14238343F8008FBA6B /* charleyrivers.jpg */,
				0EC9CE1E238343FA008FBA6B /* chilkoottrail.jpg */,
				0EC9CE21238343FA008FBA6B /* chincoteague.jpg */,
				0EC9CE1C238343F9008FBA6B /* hiddenlake.jpg */,
				0EC9CE1A238343F9008FBA6B /* icybay.jpg */,
				0EC9CE1D238343FA008FBA6B /* lakemcdonald.jpg */,
				0EC9CE16238343F9008FBA6B /* landmarkData.json */,
				0EC9CE17238343F9008FBA6B /* rainbowlake.jpg */,
				0EC9CE18238343F9008FBA6B /* silversalmoncreek.jpg */,
				0EC9CE1B238343F9008FBA6B /* stmarylake.jpg */,
				0EC9CE20238343FA008FBA6B /* turtlerock.jpg */,
				0EC9CE15238343F9008FBA6B /* twinlake.jpg */,
				0EC9CE1F238343FA008FBA6B /* umbagog.jpg */,
			);
			path = Resources;
			sourceTree = "<group>";
		};
		0EC9CE0A23833D60008FBA6B /* Views */ = {
			isa = PBXGroup;
			children = (
				0EC9CE0B23833D85008FBA6B /* HomeView.swift */,
				0EC9CE1023833DD6008FBA6B /* ProfileView.swift */,
				0EC9CE0E23833DC6008FBA6B /* LandmarksView.swift */,
				0EC9CE1223833DED008FBA6B /* LandmarkDetailsView.swift */,
			);
			path = Views;
			sourceTree = "<group>";
		};
		0EC9CE0D23833DA0008FBA6B /* Components */ = {
			isa = PBXGroup;
			children = (
				0EC9CE3823834847008FBA6B /* LandmarkItem.swift */,
				0EC9CE3A2383FA3C008FBA6B /* MapView.swift */,
				0EC9CE3C2384050C008FBA6B /* CategoryRow.swift */,
			);
			path = Components;
			sourceTree = "<group>";
		};
/* End PBXGroup section */

/* Begin PBXNativeTarget section */
		0EC9CDF023833D01008FBA6B /* swiftui-landmarks */ = {
			isa = PBXNativeTarget;
			buildConfigurationList = 0EC9CE0523833D07008FBA6B /* Build configuration list for PBXNativeTarget "swiftui-landmarks" */;
			buildPhases = (
				0EC9CDED23833D01008FBA6B /* Sources */,
				0EC9CDEE23833D01008FBA6B /* Frameworks */,
				0EC9CDEF23833D01008FBA6B /* Resources */,
			);
			buildRules = (
			);
			dependencies = (
			);
			name = "swiftui-landmarks";
			productName = "swiftui-landmarks";
			productReference = 0EC9CDF123833D01008FBA6B /* swiftui-landmarks.app */;
			productType = "com.apple.product-type.application";
		};
/* End PBXNativeTarget section */

/* Begin PBXProject section */
		0EC9CDE923833D01008FBA6B /* Project object */ = {
			isa = PBXProject;
			attributes = {
				LastSwiftUpdateCheck = 1110;
				LastUpgradeCheck = 1110;
				ORGANIZATIONNAME = "Hiléo Andersson";
				TargetAttributes = {
					0EC9CDF023833D01008FBA6B = {
						CreatedOnToolsVersion = 11.1;
					};
				};
			};
			buildConfigurationList = 0EC9CDEC23833D01008FBA6B /* Build configuration list for PBXProject "swiftui-landmarks" */;
			compatibilityVersion = "Xcode 9.3";
			developmentRegion = en;
			hasScannedForEncodings = 0;
			knownRegions = (
				en,
				Base,
			);
			mainGroup = 0EC9CDE823833D01008FBA6B;
			productRefGroup = 0EC9CDF223833D01008FBA6B /* Products */;
			projectDirPath = "";
			projectRoot = "";
			targets = (
				0EC9CDF023833D01008FBA6B /* swiftui-landmarks */,
			);
		};
/* End PBXProject section */

/* Begin PBXResourcesBuildPhase section */
		0EC9CDEF23833D01008FBA6B /* Resources */ = {
			isa = PBXResourcesBuildPhase;
			buildActionMask = 2147483647;
			files = (
				0EC9CE25238343FA008FBA6B /* rainbowlake.jpg in Resources */,
				0EC9CE0123833D07008FBA6B /* LaunchScreen.storyboard in Resources */,
				0EC9CE23238343FA008FBA6B /* twinlake.jpg in Resources */,
				0EC9CE2B238343FA008FBA6B /* lakemcdonald.jpg in Resources */,
				0EC9CDFE23833D07008FBA6B /* Preview Assets.xcassets in Resources */,
				0EC9CDFB23833D07008FBA6B /* Assets.xcassets in Resources */,
				0EC9CE26238343FA008FBA6B /* silversalmoncreek.jpg in Resources */,
				0EC9CE22238343FA008FBA6B /* charleyrivers.jpg in Resources */,
				0EC9CE2D238343FA008FBA6B /* umbagog.jpg in Resources */,
				0EC9CE2C238343FA008FBA6B /* chilkoottrail.jpg in Resources */,
				0EC9CE28238343FA008FBA6B /* icybay.jpg in Resources */,
				0EC9CE2E238343FA008FBA6B /* turtlerock.jpg in Resources */,
				0EC9CE29238343FA008FBA6B /* stmarylake.jpg in Resources */,
				0EC9CE2A238343FA008FBA6B /* hiddenlake.jpg in Resources */,
				0EC9CE2F238343FA008FBA6B /* chincoteague.jpg in Resources */,
				0EC9CE24238343FA008FBA6B /* landmarkData.json in Resources */,
			);
			runOnlyForDeploymentPostprocessing = 0;
		};
/* End PBXResourcesBuildPhase section */

/* Begin PBXSourcesBuildPhase section */
		0EC9CDED23833D01008FBA6B /* Sources */ = {
			isa = PBXSourcesBuildPhase;
			buildActionMask = 2147483647;
			files = (
				0EC9CDF523833D01008FBA6B /* AppDelegate.swift in Sources */,
				0EC9CE3B2383FA3C008FBA6B /* MapView.swift in Sources */,
				0EC9CE0F23833DC6008FBA6B /* LandmarksView.swift in Sources */,
				0EC9CE3123834466008FBA6B /* UserData.swift in Sources */,
				0EC9CE1323833DED008FBA6B /* LandmarkDetailsView.swift in Sources */,
				0EC9CE3723834484008FBA6B /* Data.swift in Sources */,
				0EC9CE3D2384050C008FBA6B /* CategoryRow.swift in Sources */,
				0EC9CE0C23833D85008FBA6B /* HomeView.swift in Sources */,
				0EC9CDF723833D01008FBA6B /* SceneDelegate.swift in Sources */,
				0EC9CE1123833DD6008FBA6B /* ProfileView.swift in Sources */,
				0EC9CE332383446F008FBA6B /* Profile.swift in Sources */,
				0EC9CE3523834477008FBA6B /* Landmark.swift in Sources */,
				0EC9CE3923834847008FBA6B /* LandmarkItem.swift in Sources */,
			);
			runOnlyForDeploymentPostprocessing = 0;
		};
/* End PBXSourcesBuildPhase section */

/* Begin PBXVariantGroup section */
		0EC9CDFF23833D07008FBA6B /* LaunchScreen.storyboard */ = {
			isa = PBXVariantGroup;
			children = (
				0EC9CE0023833D07008FBA6B /* Base */,
			);
			name = LaunchScreen.storyboard;
			sourceTree = "<group>";
		};
/* End PBXVariantGroup section */

/* Begin XCBuildConfiguration section */
		0EC9CE0323833D07008FBA6B /* Debug */ = {
			isa = XCBuildConfiguration;
			buildSettings = {
				ALWAYS_SEARCH_USER_PATHS = NO;
				CLANG_ANALYZER_NONNULL = YES;
				CLANG_ANALYZER_NUMBER_OBJECT_CONVERSION = YES_AGGRESSIVE;
				CLANG_CXX_LANGUAGE_STANDARD = "gnu++14";
				CLANG_CXX_LIBRARY = "libc++";
				CLANG_ENABLE_MODULES = YES;
				CLANG_ENABLE_OBJC_ARC = YES;
				CLANG_ENABLE_OBJC_WEAK = YES;
				CLANG_WARN_BLOCK_CAPTURE_AUTORELEASING = YES;
				CLANG_WARN_BOOL_CONVERSION = YES;
				CLANG_WARN_COMMA = YES;
				CLANG_WARN_CONSTANT_CONVERSION = YES;
				CLANG_WARN_DEPRECATED_OBJC_IMPLEMENTATIONS = YES;
				CLANG_WARN_DIRECT_OBJC_ISA_USAGE = YES_ERROR;
				CLANG_WARN_DOCUMENTATION_COMMENTS = YES;
				CLANG_WARN_EMPTY_BODY = YES;
				CLANG_WARN_ENUM_CONVERSION = YES;
				CLANG_WARN_INFINITE_RECURSION = YES;
				CLANG_WARN_INT_CONVERSION = YES;
				CLANG_WARN_NON_LITERAL_NULL_CONVERSION = YES;
				CLANG_WARN_OBJC_IMPLICIT_RETAIN_SELF = YES;
				CLANG_WARN_OBJC_LITERAL_CONVERSION = YES;
				CLANG_WARN_OBJC_ROOT_CLASS = YES_ERROR;
				CLANG_WARN_RANGE_LOOP_ANALYSIS = YES;
				CLANG_WARN_STRICT_PROTOTYPES = YES;
				CLANG_WARN_SUSPICIOUS_MOVE = YES;
				CLANG_WARN_UNGUARDED_AVAILABILITY = YES_AGGRESSIVE;
				CLANG_WARN_UNREACHABLE_CODE = YES;
				CLANG_WARN__DUPLICATE_METHOD_MATCH = YES;
				COPY_PHASE_STRIP = NO;
				DEBUG_INFORMATION_FORMAT = dwarf;
				ENABLE_STRICT_OBJC_MSGSEND = YES;
				ENABLE_TESTABILITY = YES;
				GCC_C_LANGUAGE_STANDARD = gnu11;
				GCC_DYNAMIC_NO_PIC = NO;
				GCC_NO_COMMON_BLOCKS = YES;
				GCC_OPTIMIZATION_LEVEL = 0;
				GCC_PREPROCESSOR_DEFINITIONS = (
					"DEBUG=1",
					"$(inherited)",
				);
				GCC_WARN_64_TO_32_BIT_CONVERSION = YES;
				GCC_WARN_ABOUT_RETURN_TYPE = YES_ERROR;
				GCC_WARN_UNDECLARED_SELECTOR = YES;
				GCC_WARN_UNINITIALIZED_AUTOS = YES_AGGRESSIVE;
				GCC_WARN_UNUSED_FUNCTION = YES;
				GCC_WARN_UNUSED_VARIABLE = YES;
				IPHONEOS_DEPLOYMENT_TARGET = 13.1;
				MTL_ENABLE_DEBUG_INFO = INCLUDE_SOURCE;
				MTL_FAST_MATH = YES;
				ONLY_ACTIVE_ARCH = YES;
				SDKROOT = iphoneos;
				SWIFT_ACTIVE_COMPILATION_CONDITIONS = DEBUG;
				SWIFT_OPTIMIZATION_LEVEL = "-Onone";
			};
			name = Debug;
		};
		0EC9CE0423833D07008FBA6B /* Release */ = {
			isa = XCBuildConfiguration;
			buildSettings = {
				ALWAYS_SEARCH_USER_PATHS = NO;
				CLANG_ANALYZER_NONNULL = YES;
				CLANG_ANALYZER_NUMBER_OBJECT_CONVERSION = YES_AGGRESSIVE;
				CLANG_CXX_LANGUAGE_STANDARD = "gnu++14";
				CLANG_CXX_LIBRARY = "libc++";
				CLANG_ENABLE_MODULES = YES;
				CLANG_ENABLE_OBJC_ARC = YES;
				CLANG_ENABLE_OBJC_WEAK = YES;
				CLANG_WARN_BLOCK_CAPTURE_AUTORELEASING = YES;
				CLANG_WARN_BOOL_CONVERSION = YES;
				CLANG_WARN_COMMA = YES;
				CLANG_WARN_CONSTANT_CONVERSION = YES;
				CLANG_WARN_DEPRECATED_OBJC_IMPLEMENTATIONS = YES;
				CLANG_WARN_DIRECT_OBJC_ISA_USAGE = YES_ERROR;
				CLANG_WARN_DOCUMENTATION_COMMENTS = YES;
				CLANG_WARN_EMPTY_BODY = YES;
				CLANG_WARN_ENUM_CONVERSION = YES;
				CLANG_WARN_INFINITE_RECURSION = YES;
				CLANG_WARN_INT_CONVERSION = YES;
				CLANG_WARN_NON_LITERAL_NULL_CONVERSION = YES;
				CLANG_WARN_OBJC_IMPLICIT_RETAIN_SELF = YES;
				CLANG_WARN_OBJC_LITERAL_CONVERSION = YES;
				CLANG_WARN_OBJC_ROOT_CLASS = YES_ERROR;
				CLANG_WARN_RANGE_LOOP_ANALYSIS = YES;
				CLANG_WARN_STRICT_PROTOTYPES = YES;
				CLANG_WARN_SUSPICIOUS_MOVE = YES;
				CLANG_WARN_UNGUARDED_AVAILABILITY = YES_AGGRESSIVE;
				CLANG_WARN_UNREACHABLE_CODE = YES;
				CLANG_WARN__DUPLICATE_METHOD_MATCH = YES;
				COPY_PHASE_STRIP = NO;
				DEBUG_INFORMATION_FORMAT = "dwarf-with-dsym";
				ENABLE_NS_ASSERTIONS = NO;
				ENABLE_STRICT_OBJC_MSGSEND = YES;
				GCC_C_LANGUAGE_STANDARD = gnu11;
				GCC_NO_COMMON_BLOCKS = YES;
				GCC_WARN_64_TO_32_BIT_CONVERSION = YES;
				GCC_WARN_ABOUT_RETURN_TYPE = YES_ERROR;
				GCC_WARN_UNDECLARED_SELECTOR = YES;
				GCC_WARN_UNINITIALIZED_AUTOS = YES_AGGRESSIVE;
				GCC_WARN_UNUSED_FUNCTION = YES;
				GCC_WARN_UNUSED_VARIABLE = YES;
				IPHONEOS_DEPLOYMENT_TARGET = 13.1;
				MTL_ENABLE_DEBUG_INFO = NO;
				MTL_FAST_MATH = YES;
				SDKROOT = iphoneos;
				SWIFT_COMPILATION_MODE = wholemodule;
				SWIFT_OPTIMIZATION_LEVEL = "-O";
				VALIDATE_PRODUCT = YES;
			};
			name = Release;
		};
		0EC9CE0623833D07008FBA6B /* Debug */ = {
			isa = XCBuildConfiguration;
			buildSettings = {
				ASSETCATALOG_COMPILER_APPICON_NAME = AppIcon;
				CODE_SIGN_STYLE = Automatic;
				DEVELOPMENT_ASSET_PATHS = "\"swiftui-landmarks/Preview Content\"";
				DEVELOPMENT_TEAM = 3HTNNQ7T85;
				ENABLE_PREVIEWS = YES;
				INFOPLIST_FILE = "swiftui-landmarks/Info.plist";
				LD_RUNPATH_SEARCH_PATHS = (
					"$(inherited)",
					"@executable_path/Frameworks",
				);
				PRODUCT_BUNDLE_IDENTIFIER = "com.hileomsi.swiftui-landmarks";
				PRODUCT_NAME = "$(TARGET_NAME)";
				SWIFT_VERSION = 5.0;
				TARGETED_DEVICE_FAMILY = "1,2";
			};
			name = Debug;
		};
		0EC9CE0723833D07008FBA6B /* Release */ = {
			isa = XCBuildConfiguration;
			buildSettings = {
				ASSETCATALOG_COMPILER_APPICON_NAME = AppIcon;
				CODE_SIGN_STYLE = Automatic;
				DEVELOPMENT_ASSET_PATHS = "\"swiftui-landmarks/Preview Content\"";
				DEVELOPMENT_TEAM = 3HTNNQ7T85;
				ENABLE_PREVIEWS = YES;
				INFOPLIST_FILE = "swiftui-landmarks/Info.plist";
				LD_RUNPATH_SEARCH_PATHS = (
					"$(inherited)",
					"@executable_path/Frameworks",
				);
				PRODUCT_BUNDLE_IDENTIFIER = "com.hileomsi.swiftui-landmarks";
				PRODUCT_NAME = "$(TARGET_NAME)";
				SWIFT_VERSION = 5.0;
				TARGETED_DEVICE_FAMILY = "1,2";
			};
			name = Release;
		};
/* End XCBuildConfiguration section */

/* Begin XCConfigurationList section */
		0EC9CDEC23833D01008FBA6B /* Build configuration list for PBXProject "swiftui-landmarks" */ = {
			isa = XCConfigurationList;
			buildConfigurations = (
				0EC9CE0323833D07008FBA6B /* Debug */,
				0EC9CE0423833D07008FBA6B /* Release */,
			);
			defaultConfigurationIsVisible = 0;
			defaultConfigurationName = Release;
		};
		0EC9CE0523833D07008FBA6B /* Build configuration list for PBXNativeTarget "swiftui-landmarks" */ = {
			isa = XCConfigurationList;
			buildConfigurations = (
				0EC9CE0623833D07008FBA6B /* Debug */,
				0EC9CE0723833D07008FBA6B /* Release */,
			);
			defaultConfigurationIsVisible = 0;
			defaultConfigurationName = Release;
		};
/* End XCConfigurationList section */
	};
	rootObject = 0EC9CDE923833D01008FBA6B /* Project object */;
}
